# Generated by buf. DO NOT EDIT.
version: v2
deps:
  - name: buf.build/aep/api
    commit: 26a011a354ee4836847fff32738f12a2
    digest: b5:5f32f8d8d0eaafd808d9162b0a1c1d2d3e6ed3710d20973a036788727c2a54ce2771f198a053132aa892f5986690995093c0b7538b879fc1c0c9dee4d05ac156
  - name: buf.build/bufbuild/protovalidate
    commit: 52f32327d4b045a79293a6ad4e7e1236
    digest: b5:cbabc98d4b7b7b0447c9b15f68eeb8a7a44ef8516cb386ac5f66e7fd4062cd6723ed3f452ad8c384b851f79e33d26e7f8a94e2b807282b3def1cd966c7eace97
  - name: buf.build/googleapis/googleapis
    commit: 28151c0d0a1641bf938a7672c500e01d
    digest: b5:93b70089baa4fc05a92d3e52db91a4b7812db3b57b9664f6cb301733938cb630e377a938e8a56779388171c749c1d42a2e9a6c6230f2ff45f127a8102a6a27d0
