# Generated by buf. DO NOT EDIT.
version: v2
deps:
  - name: buf.build/aep/api
    commit: 69202ce22a6749e29337aceabbc4831f
    digest: b5:c39b8857d5bb7d5e31af96387b8351062b04bf1682a0452c7837a1847dbb0c7e25c6c3d6f76750660ecbf47379bce87363e196b341164f06f15fb89940b3c145
  - name: buf.build/bufbuild/protovalidate
    commit: f05a6f4403ce4327bae4f50f281c3ed0
    digest: b5:f1d76430ee97c89cd2044e9ae1c510887b701ee7bca60564ebf82e3919e53cacefc830a0eb803277c2d98c5f313b4167e8914afc9f214332717a50b5e170e6f4
  - name: buf.build/googleapis/googleapis
    commit: 28151c0d0a1641bf938a7672c500e01d
    digest: b5:93b70089baa4fc05a92d3e52db91a4b7812db3b57b9664f6cb301733938cb630e377a938e8a56779388171c749c1d42a2e9a6c6230f2ff45f127a8102a6a27d0
